
Microsoft Visual Studio Solution File, Format Version 12.00
# Visual Studio Version 17
VisualStudioVersion = 17.1.32421.90
MinimumVisualStudioVersion = 10.0.40219.1
Project("{FAE04EC0-301F-11D3-BF4B-00C04F79EFBC}") = "LandmarkRemark.API", "LandmarkRemark.API\LandmarkRemark.API.csproj", "{9BCC8F25-DA97-402A-91DE-DB8270D2049D}"
EndProject
Project("{FAE04EC0-301F-11D3-BF4B-00C04F79EFBC}") = "LandmarkRemark.Entities", "LandmarkRemark.Entities\LandmarkRemark.Entities.csproj", "{B37745AC-805D-4502-ACE9-1A5DC18A8BFC}"
EndProject
Global
	GlobalSection(SolutionConfigurationPlatforms) = preSolution
		Debug|Any CPU = Debug|Any CPU
		Release|Any CPU = Release|Any CPU
	EndGlobalSection
	GlobalSection(ProjectConfigurationPlatforms) = postSolution
		{9BCC8F25-DA97-402A-91DE-DB8270D2049D}.Debug|Any CPU.ActiveCfg = Debug|Any CPU
		{9BCC8F25-DA97-402A-91DE-DB8270D2049D}.Debug|Any CPU.Build.0 = Debug|Any CPU
		{9BCC8F25-DA97-402A-91DE-DB8270D2049D}.Release|Any CPU.ActiveCfg = Release|Any CPU
		{9BCC8F25-DA97-402A-91DE-DB8270D2049D}.Release|Any CPU.Build.0 = Release|Any CPU
		{B37745AC-805D-4502-ACE9-1A5DC18A8BFC}.Debug|Any CPU.ActiveCfg = Debug|Any CPU
		{B37745AC-805D-4502-ACE9-1A5DC18A8BFC}.Debug|Any CPU.Build.0 = Debug|Any CPU
		{B37745AC-805D-4502-ACE9-1A5DC18A8BFC}.Release|Any CPU.ActiveCfg = Release|Any CPU
		{B37745AC-805D-4502-ACE9-1A5DC18A8BFC}.Release|Any CPU.Build.0 = Release|Any CPU
	EndGlobalSection
	GlobalSection(SolutionProperties) = preSolution
		HideSolutionNode = FALSE
	EndGlobalSection
	GlobalSection(ExtensibilityGlobals) = postSolution
		SolutionGuid = {06B13DF8-6D27-4B28-9D84-8A163A707DC8}
	EndGlobalSection
EndGlobal
